{
  "version": 4,
  "terraform_version": "1.6.5",
  "serial": 60,
  "lineage": "65e42191-0f7d-c32a-8fe8-1024c52f618f",
  "outputs": {},
  "resources": [
    {
      "mode": "managed",
      "type": "google_compute_address",
      "name": "k8s_master_0_public_ip",
      "provider": "provider[\"registry.terraform.io/hashicorp/google\"]",
      "instances": [
        {
          "schema_version": 0,
          "attributes": {
            "address": "34.116.239.7",
            "address_type": "EXTERNAL",
            "creation_timestamp": "2023-12-11T09:31:27.180-08:00",
            "description": "",
            "effective_labels": {},
            "id": "projects/cedar-bot-406923/regions/europe-central2/addresses/k8s-master-0-public-ip",
            "ip_version": "",
            "ipv6_endpoint_type": "",
            "label_fingerprint": "42WmSpB8rSM=",
            "labels": {},
            "name": "k8s-master-0-public-ip",
            "network": "",
            "network_tier": "PREMIUM",
            "prefix_length": 0,
            "project": "cedar-bot-406923",
            "purpose": "",
            "region": "europe-central2",
            "self_link": "https://www.googleapis.com/compute/v1/projects/cedar-bot-406923/regions/europe-central2/addresses/k8s-master-0-public-ip",
            "subnetwork": "",
            "terraform_labels": {},
            "timeouts": null,
            "users": []
          },
          "sensitive_attributes": [],
          "private": "eyJlMmJmYjczMC1lY2FhLTExZTYtOGY4OC0zNDM2M2JjN2M0YzAiOnsiY3JlYXRlIjoxMjAwMDAwMDAwMDAwLCJkZWxldGUiOjEyMDAwMDAwMDAwMDAsInVwZGF0ZSI6MTIwMDAwMDAwMDAwMH19"
        }
      ]
    },
    {
      "mode": "managed",
      "type": "google_compute_address",
      "name": "worker_public_ip",
      "provider": "provider[\"registry.terraform.io/hashicorp/google\"]",
      "instances": [
        {
          "index_key": 0,
          "schema_version": 0,
          "attributes": {
            "address": "34.116.220.77",
            "address_type": "EXTERNAL",
            "creation_timestamp": "2023-12-11T09:31:27.260-08:00",
            "description": "",
            "effective_labels": {},
            "id": "projects/cedar-bot-406923/regions/europe-central2/addresses/worker-0-public-ip",
            "ip_version": "",
            "ipv6_endpoint_type": "",
            "label_fingerprint": "42WmSpB8rSM=",
            "labels": {},
            "name": "worker-0-public-ip",
            "network": "",
            "network_tier": "PREMIUM",
            "prefix_length": 0,
            "project": "cedar-bot-406923",
            "purpose": "",
            "region": "europe-central2",
            "self_link": "https://www.googleapis.com/compute/v1/projects/cedar-bot-406923/regions/europe-central2/addresses/worker-0-public-ip",
            "subnetwork": "",
            "terraform_labels": {},
            "timeouts": null,
            "users": [
              "https://www.googleapis.com/compute/v1/projects/cedar-bot-406923/zones/europe-central2-a/instances/worker-0"
            ]
          },
          "sensitive_attributes": [],
          "private": "eyJlMmJmYjczMC1lY2FhLTExZTYtOGY4OC0zNDM2M2JjN2M0YzAiOnsiY3JlYXRlIjoxMjAwMDAwMDAwMDAwLCJkZWxldGUiOjEyMDAwMDAwMDAwMDAsInVwZGF0ZSI6MTIwMDAwMDAwMDAwMH19"
        },
        {
          "index_key": 1,
          "schema_version": 0,
          "attributes": {
            "address": "34.116.249.41",
            "address_type": "EXTERNAL",
            "creation_timestamp": "2023-12-11T09:31:27.316-08:00",
            "description": "",
            "effective_labels": {},
            "id": "projects/cedar-bot-406923/regions/europe-central2/addresses/worker-1-public-ip",
            "ip_version": "",
            "ipv6_endpoint_type": "",
            "label_fingerprint": "42WmSpB8rSM=",
            "labels": {},
            "name": "worker-1-public-ip",
            "network": "",
            "network_tier": "PREMIUM",
            "prefix_length": 0,
            "project": "cedar-bot-406923",
            "purpose": "",
            "region": "europe-central2",
            "self_link": "https://www.googleapis.com/compute/v1/projects/cedar-bot-406923/regions/europe-central2/addresses/worker-1-public-ip",
            "subnetwork": "",
            "terraform_labels": {},
            "timeouts": null,
            "users": []
          },
          "sensitive_attributes": [],
          "private": "eyJlMmJmYjczMC1lY2FhLTExZTYtOGY4OC0zNDM2M2JjN2M0YzAiOnsiY3JlYXRlIjoxMjAwMDAwMDAwMDAwLCJkZWxldGUiOjEyMDAwMDAwMDAwMDAsInVwZGF0ZSI6MTIwMDAwMDAwMDAwMH19"
        }
      ]
    },
    {
      "mode": "managed",
      "type": "google_compute_firewall",
      "name": "k8s_subnet_allow_external",
      "provider": "provider[\"registry.terraform.io/hashicorp/google\"]",
      "instances": [
        {
          "schema_version": 1,
          "attributes": {
            "allow": [
              {
                "ports": [
                  "80",
                  "6443",
                  "443",
                  "22"
                ],
                "protocol": "tcp"
              },
              {
                "ports": [],
                "protocol": "icmp"
              }
            ],
            "creation_timestamp": "2023-12-11T09:31:38.819-08:00",
            "deny": [],
            "description": "",
            "destination_ranges": [],
            "direction": "INGRESS",
            "disabled": false,
            "enable_logging": null,
            "id": "projects/cedar-bot-406923/global/firewalls/k8s-subnet-allow-external",
            "log_config": [],
            "name": "k8s-subnet-allow-external",
            "network": "https://www.googleapis.com/compute/v1/projects/cedar-bot-406923/global/networks/k8s-cluster-network",
            "priority": 1000,
            "project": "cedar-bot-406923",
            "self_link": "https://www.googleapis.com/compute/v1/projects/cedar-bot-406923/global/firewalls/k8s-subnet-allow-external",
            "source_ranges": [
              "0.0.0.0/0"
            ],
            "source_service_accounts": [],
            "source_tags": [],
            "target_service_accounts": [],
            "target_tags": [],
            "timeouts": null
          },
          "sensitive_attributes": [],
          "private": "eyJlMmJmYjczMC1lY2FhLTExZTYtOGY4OC0zNDM2M2JjN2M0YzAiOnsiY3JlYXRlIjoxMjAwMDAwMDAwMDAwLCJkZWxldGUiOjEyMDAwMDAwMDAwMDAsInVwZGF0ZSI6MTIwMDAwMDAwMDAwMH0sInNjaGVtYV92ZXJzaW9uIjoiMSJ9",
          "dependencies": [
            "google_compute_network.k8s_cluster_network"
          ]
        }
      ]
    },
    {
      "mode": "managed",
      "type": "google_compute_firewall",
      "name": "k8s_subnet_allow_internal",
      "provider": "provider[\"registry.terraform.io/hashicorp/google\"]",
      "instances": [
        {
          "schema_version": 1,
          "attributes": {
            "allow": [
              {
                "ports": [],
                "protocol": "icmp"
              },
              {
                "ports": [],
                "protocol": "tcp"
              },
              {
                "ports": [],
                "protocol": "udp"
              }
            ],
            "creation_timestamp": "2023-12-11T09:31:38.827-08:00",
            "deny": [],
            "description": "",
            "destination_ranges": [],
            "direction": "INGRESS",
            "disabled": false,
            "enable_logging": null,
            "id": "projects/cedar-bot-406923/global/firewalls/k8s-subnet-allow-internal",
            "log_config": [],
            "name": "k8s-subnet-allow-internal",
            "network": "https://www.googleapis.com/compute/v1/projects/cedar-bot-406923/global/networks/k8s-cluster-network",
            "priority": 1000,
            "project": "cedar-bot-406923",
            "self_link": "https://www.googleapis.com/compute/v1/projects/cedar-bot-406923/global/firewalls/k8s-subnet-allow-internal",
            "source_ranges": [
              "10.240.0.0/24"
            ],
            "source_service_accounts": [],
            "source_tags": [],
            "target_service_accounts": [],
            "target_tags": [],
            "timeouts": null
          },
          "sensitive_attributes": [],
          "private": "eyJlMmJmYjczMC1lY2FhLTExZTYtOGY4OC0zNDM2M2JjN2M0YzAiOnsiY3JlYXRlIjoxMjAwMDAwMDAwMDAwLCJkZWxldGUiOjEyMDAwMDAwMDAwMDAsInVwZGF0ZSI6MTIwMDAwMDAwMDAwMH0sInNjaGVtYV92ZXJzaW9uIjoiMSJ9",
          "dependencies": [
            "google_compute_network.k8s_cluster_network"
          ]
        }
      ]
    },
    {
      "mode": "managed",
      "type": "google_compute_instance",
      "name": "master",
      "provider": "provider[\"registry.terraform.io/hashicorp/google\"]",
      "instances": [
        {
          "schema_version": 6,
          "attributes": {
            "advanced_machine_features": [],
            "allow_stopping_for_update": null,
            "attached_disk": [],
            "boot_disk": [
              {
                "auto_delete": true,
                "device_name": "persistent-disk-0",
                "disk_encryption_key_raw": "",
                "disk_encryption_key_sha256": "",
                "initialize_params": [
                  {
                    "image": "https://www.googleapis.com/compute/v1/projects/ubuntu-os-cloud/global/images/ubuntu-2204-jammy-v20231201",
                    "labels": {},
                    "resource_manager_tags": null,
                    "size": 200,
                    "type": "pd-standard"
                  }
                ],
                "kms_key_self_link": "",
                "mode": "READ_WRITE",
                "source": "https://www.googleapis.com/compute/v1/projects/cedar-bot-406923/zones/europe-central2-a/disks/master-0"
              }
            ],
            "can_ip_forward": true,
            "confidential_instance_config": [],
            "cpu_platform": "Intel Broadwell",
            "current_status": "RUNNING",
            "deletion_protection": false,
            "description": "",
            "desired_status": null,
            "effective_labels": {},
            "enable_display": false,
            "guest_accelerator": [],
            "hostname": "",
            "id": "projects/cedar-bot-406923/zones/europe-central2-a/instances/master-0",
            "instance_id": "3435268675041162826",
            "label_fingerprint": "42WmSpB8rSM=",
            "labels": null,
            "machine_type": "e2-standard-2",
            "metadata": {
              "ssh-keys": "es:ssh-rsa AAAAB3NzaC1yc2EAAAADAQABAAABgQDcPBZSnHiMJZq4qQ4uB7g/0ZJPtCIGbPHWVzX2K0YdAsl18hFdQ4jijYnPbp852p5ODMOq1oryK5RXkz0Cpg2KmbCPGivG86jT+PZN42McsbgOLgjvy2+4xt3ehuMtZinpSjzK5UXlMWFb3/rPhlAHjUGrC98Ys1JPTjZzC57LVr+xvSVUaU1C+VAOQaUz69jcOoe4iYTXpzdsfdD7iedEUwiwXbu61JmVjAE0CYR03N0CunNBTeLCSwzq4sOqbVy0+W3Hd7CJB2IqC7O/8kls+vsHf18KzR/1DEzFMNVAeRoHnH0kpz6XkluGCVCcbuLXCZ20OMhQr0VtkjLXJ6Ei7EmrtaX+b/h2jPPACRtJCxLmaP+EnWuosU11o7T/9EGTU3aGRgRRo9HIHyqM4FgkjiNIaXq7P4IvzhTbOZHF4ceZAmJkrxfeaCUL/ByY+tGdFZIQh3BINgVMwe6YZXbeJZ6xW1bx2cYkCrJUVcaTHgEyFg63Bes8tV7RL2CEFmc= es@DESKTOP-TPIP301"
            },
            "metadata_fingerprint": "2zNvJSpeORo=",
            "metadata_startup_script": null,
            "min_cpu_platform": "",
            "name": "master-0",
            "network_interface": [
              {
                "access_config": [
                  {
                    "nat_ip": "34.116.239.7",
                    "network_tier": "PREMIUM",
                    "public_ptr_domain_name": ""
                  }
                ],
                "alias_ip_range": [],
                "internal_ipv6_prefix_length": 0,
                "ipv6_access_config": [],
                "ipv6_access_type": "",
                "ipv6_address": "",
                "name": "nic0",
                "network": "https://www.googleapis.com/compute/v1/projects/cedar-bot-406923/global/networks/k8s-cluster-network",
                "network_ip": "10.240.0.10",
                "nic_type": "",
                "queue_count": 0,
                "stack_type": "IPV4_ONLY",
                "subnetwork": "https://www.googleapis.com/compute/v1/projects/cedar-bot-406923/regions/europe-central2/subnetworks/k8s-subnet",
                "subnetwork_project": "cedar-bot-406923"
              }
            ],
            "network_performance_config": [],
            "params": [],
            "project": "cedar-bot-406923",
            "reservation_affinity": [],
            "resource_policies": null,
            "scheduling": [
              {
                "automatic_restart": true,
                "instance_termination_action": "",
                "local_ssd_recovery_timeout": [],
                "min_node_cpus": 0,
                "node_affinities": [],
                "on_host_maintenance": "MIGRATE",
                "preemptible": false,
                "provisioning_model": "STANDARD"
              }
            ],
            "scratch_disk": [],
            "self_link": "https://www.googleapis.com/compute/v1/projects/cedar-bot-406923/zones/europe-central2-a/instances/master-0",
            "service_account": [
              {
                "email": "514002972239-compute@developer.gserviceaccount.com",
                "scopes": [
                  "https://www.googleapis.com/auth/cloud-platform",
                  "https://www.googleapis.com/auth/compute",
                  "https://www.googleapis.com/auth/devstorage.read_only",
                  "https://www.googleapis.com/auth/logging.write",
                  "https://www.googleapis.com/auth/monitoring",
                  "https://www.googleapis.com/auth/service.management"
                ]
              }
            ],
            "shielded_instance_config": [
              {
                "enable_integrity_monitoring": true,
                "enable_secure_boot": false,
                "enable_vtpm": true
              }
            ],
            "tags": [
              "k8s-instance",
              "worker"
            ],
            "tags_fingerprint": "faibdLyfjxc=",
            "terraform_labels": {},
            "timeouts": null,
            "zone": "europe-central2-a"
          },
          "sensitive_attributes": [],
          "private": "eyJlMmJmYjczMC1lY2FhLTExZTYtOGY4OC0zNDM2M2JjN2M0YzAiOnsiY3JlYXRlIjoxMjAwMDAwMDAwMDAwLCJkZWxldGUiOjEyMDAwMDAwMDAwMDAsInVwZGF0ZSI6MTIwMDAwMDAwMDAwMH0sInNjaGVtYV92ZXJzaW9uIjoiNiJ9",
          "dependencies": [
            "google_compute_address.k8s_master_0_public_ip",
            "google_compute_network.k8s_cluster_network",
            "google_compute_subnetwork.k8s_subnet"
          ]
        }
      ]
    },
    {
      "mode": "managed",
      "type": "google_compute_instance",
      "name": "worker",
      "provider": "provider[\"registry.terraform.io/hashicorp/google\"]",
      "instances": [
        {
          "index_key": 0,
          "schema_version": 6,
          "attributes": {
            "advanced_machine_features": [],
            "allow_stopping_for_update": null,
            "attached_disk": [],
            "boot_disk": [
              {
                "auto_delete": true,
                "device_name": "persistent-disk-0",
                "disk_encryption_key_raw": "",
                "disk_encryption_key_sha256": "",
                "initialize_params": [
                  {
                    "image": "https://www.googleapis.com/compute/v1/projects/ubuntu-os-cloud/global/images/ubuntu-2204-jammy-v20231201",
                    "labels": {},
                    "resource_manager_tags": {},
                    "size": 200,
                    "type": "pd-standard"
                  }
                ],
                "kms_key_self_link": "",
                "mode": "READ_WRITE",
                "source": "https://www.googleapis.com/compute/v1/projects/cedar-bot-406923/zones/europe-central2-a/disks/worker-0"
              }
            ],
            "can_ip_forward": true,
            "confidential_instance_config": [],
            "cpu_platform": "Intel Broadwell",
            "current_status": "RUNNING",
            "deletion_protection": false,
            "description": "",
            "desired_status": null,
            "effective_labels": {},
            "enable_display": false,
            "guest_accelerator": [],
            "hostname": "",
            "id": "projects/cedar-bot-406923/zones/europe-central2-a/instances/worker-0",
            "instance_id": "1269854174235522781",
            "label_fingerprint": "42WmSpB8rSM=",
            "labels": {},
            "machine_type": "e2-standard-2",
            "metadata": {
              "ssh-keys": "es:ssh-rsa AAAAB3NzaC1yc2EAAAADAQABAAABgQDcPBZSnHiMJZq4qQ4uB7g/0ZJPtCIGbPHWVzX2K0YdAsl18hFdQ4jijYnPbp852p5ODMOq1oryK5RXkz0Cpg2KmbCPGivG86jT+PZN42McsbgOLgjvy2+4xt3ehuMtZinpSjzK5UXlMWFb3/rPhlAHjUGrC98Ys1JPTjZzC57LVr+xvSVUaU1C+VAOQaUz69jcOoe4iYTXpzdsfdD7iedEUwiwXbu61JmVjAE0CYR03N0CunNBTeLCSwzq4sOqbVy0+W3Hd7CJB2IqC7O/8kls+vsHf18KzR/1DEzFMNVAeRoHnH0kpz6XkluGCVCcbuLXCZ20OMhQr0VtkjLXJ6Ei7EmrtaX+b/h2jPPACRtJCxLmaP+EnWuosU11o7T/9EGTU3aGRgRRo9HIHyqM4FgkjiNIaXq7P4IvzhTbOZHF4ceZAmJkrxfeaCUL/ByY+tGdFZIQh3BINgVMwe6YZXbeJZ6xW1bx2cYkCrJUVcaTHgEyFg63Bes8tV7RL2CEFmc= es@DESKTOP-TPIP301"
            },
            "metadata_fingerprint": "2zNvJSpeORo=",
            "metadata_startup_script": null,
            "min_cpu_platform": "",
            "name": "worker-0",
            "network_interface": [
              {
                "access_config": [
                  {
                    "nat_ip": "34.116.220.77",
                    "network_tier": "PREMIUM",
                    "public_ptr_domain_name": ""
                  }
                ],
                "alias_ip_range": [],
                "internal_ipv6_prefix_length": 0,
                "ipv6_access_config": [],
                "ipv6_access_type": "",
                "ipv6_address": "",
                "name": "nic0",
                "network": "https://www.googleapis.com/compute/v1/projects/cedar-bot-406923/global/networks/k8s-cluster-network",
                "network_ip": "10.240.0.20",
                "nic_type": "",
                "queue_count": 0,
                "stack_type": "IPV4_ONLY",
                "subnetwork": "https://www.googleapis.com/compute/v1/projects/cedar-bot-406923/regions/europe-central2/subnetworks/k8s-subnet",
                "subnetwork_project": "cedar-bot-406923"
              }
            ],
            "network_performance_config": [],
            "params": [],
            "project": "cedar-bot-406923",
            "reservation_affinity": [],
            "resource_policies": [],
            "scheduling": [
              {
                "automatic_restart": true,
                "instance_termination_action": "",
                "local_ssd_recovery_timeout": [],
                "min_node_cpus": 0,
                "node_affinities": [],
                "on_host_maintenance": "MIGRATE",
                "preemptible": false,
                "provisioning_model": "STANDARD"
              }
            ],
            "scratch_disk": [],
            "self_link": "https://www.googleapis.com/compute/v1/projects/cedar-bot-406923/zones/europe-central2-a/instances/worker-0",
            "service_account": [
              {
                "email": "514002972239-compute@developer.gserviceaccount.com",
                "scopes": [
                  "https://www.googleapis.com/auth/cloud-platform",
                  "https://www.googleapis.com/auth/compute",
                  "https://www.googleapis.com/auth/devstorage.read_only",
                  "https://www.googleapis.com/auth/logging.write",
                  "https://www.googleapis.com/auth/monitoring",
                  "https://www.googleapis.com/auth/service.management"
                ]
              }
            ],
            "shielded_instance_config": [
              {
                "enable_integrity_monitoring": true,
                "enable_secure_boot": false,
                "enable_vtpm": true
              }
            ],
            "tags": [
              "k8s-instance",
              "worker"
            ],
            "tags_fingerprint": "faibdLyfjxc=",
            "terraform_labels": {},
            "timeouts": null,
            "zone": "europe-central2-a"
          },
          "sensitive_attributes": [],
          "private": "eyJlMmJmYjczMC1lY2FhLTExZTYtOGY4OC0zNDM2M2JjN2M0YzAiOnsiY3JlYXRlIjoxMjAwMDAwMDAwMDAwLCJkZWxldGUiOjEyMDAwMDAwMDAwMDAsInVwZGF0ZSI6MTIwMDAwMDAwMDAwMH0sInNjaGVtYV92ZXJzaW9uIjoiNiJ9",
          "dependencies": [
            "google_compute_address.worker_public_ip",
            "google_compute_network.k8s_cluster_network",
            "google_compute_subnetwork.k8s_subnet"
          ]
        }
      ]
    },
    {
      "mode": "managed",
      "type": "google_compute_network",
      "name": "k8s_cluster_network",
      "provider": "provider[\"registry.terraform.io/hashicorp/google\"]",
      "instances": [
        {
          "schema_version": 0,
          "attributes": {
            "auto_create_subnetworks": false,
            "delete_default_routes_on_create": false,
            "description": "",
            "enable_ula_internal_ipv6": false,
            "gateway_ipv4": "",
            "id": "projects/cedar-bot-406923/global/networks/k8s-cluster-network",
            "internal_ipv6_range": "",
            "mtu": 0,
            "name": "k8s-cluster-network",
            "network_firewall_policy_enforcement_order": "AFTER_CLASSIC_FIREWALL",
            "project": "cedar-bot-406923",
            "routing_mode": "REGIONAL",
            "self_link": "https://www.googleapis.com/compute/v1/projects/cedar-bot-406923/global/networks/k8s-cluster-network",
            "timeouts": null
          },
          "sensitive_attributes": [],
          "private": "eyJlMmJmYjczMC1lY2FhLTExZTYtOGY4OC0zNDM2M2JjN2M0YzAiOnsiY3JlYXRlIjoxMjAwMDAwMDAwMDAwLCJkZWxldGUiOjEyMDAwMDAwMDAwMDAsInVwZGF0ZSI6MTIwMDAwMDAwMDAwMH19"
        }
      ]
    },
    {
      "mode": "managed",
      "type": "google_compute_subnetwork",
      "name": "k8s_subnet",
      "provider": "provider[\"registry.terraform.io/hashicorp/google\"]",
      "instances": [
        {
          "schema_version": 0,
          "attributes": {
            "creation_timestamp": "2023-12-11T09:31:39.694-08:00",
            "description": "",
            "external_ipv6_prefix": "",
            "fingerprint": null,
            "gateway_address": "10.240.0.1",
            "id": "projects/cedar-bot-406923/regions/europe-central2/subnetworks/k8s-subnet",
            "internal_ipv6_prefix": "",
            "ip_cidr_range": "10.240.0.0/24",
            "ipv6_access_type": "",
            "ipv6_cidr_range": "",
            "log_config": [],
            "name": "k8s-subnet",
            "network": "https://www.googleapis.com/compute/v1/projects/cedar-bot-406923/global/networks/k8s-cluster-network",
            "private_ip_google_access": false,
            "private_ipv6_google_access": "DISABLE_GOOGLE_ACCESS",
            "project": "cedar-bot-406923",
            "purpose": "PRIVATE",
            "region": "europe-central2",
            "role": "",
            "secondary_ip_range": [],
            "self_link": "https://www.googleapis.com/compute/v1/projects/cedar-bot-406923/regions/europe-central2/subnetworks/k8s-subnet",
            "stack_type": "IPV4_ONLY",
            "timeouts": null
          },
          "sensitive_attributes": [],
          "private": "eyJlMmJmYjczMC1lY2FhLTExZTYtOGY4OC0zNDM2M2JjN2M0YzAiOnsiY3JlYXRlIjoxMjAwMDAwMDAwMDAwLCJkZWxldGUiOjEyMDAwMDAwMDAwMDAsInVwZGF0ZSI6MTIwMDAwMDAwMDAwMH19",
          "dependencies": [
            "google_compute_network.k8s_cluster_network"
          ]
        }
      ]
    }
  ],
  "check_results": null
}
